
Microsoft Visual Studio Solution File, Format Version 12.00
# Visual Studio 15
VisualStudioVersion = 15.0.27130.2020
MinimumVisualStudioVersion = 10.0.40219.1
Project("{FAE04EC0-301F-11D3-BF4B-00C04F79EFBC}") = "MESAProxy", "MESAProxy\MESAProxy.csproj", "{E3974CB3-503B-452C-81C8-1D8BD3390249}"
EndProject
Project("{FAE04EC0-301F-11D3-BF4B-00C04F79EFBC}") = "HellaAPCECOLib", "HellaAPCECOLib\HellaAPCECOLib.csproj", "{6F0BC8A2-7EA2-406A-A32D-6A1DEEB41D05}"
EndProject
Project("{FAE04EC0-301F-11D3-BF4B-00C04F79EFBC}") = "SmartBusECOService", "SmartBusECOService\SmartBusECOService.csproj", "{DEF2E3DA-9504-4D21-86B7-2EFCF7A25D57}"
EndProject
Project("{FAE04EC0-301F-11D3-BF4B-00C04F79EFBC}") = "SmartBusBaseLib", "SmartBusBaseLib\SmartBusBaseLib.csproj", "{943AEAE3-934C-43A7-A066-371FACFFD28E}"
EndProject
Project("{8BC9CEB8-8B4A-11D0-8D11-00A0C91BC942}") = "SOAP12ServiceTest", "SOAP12ServiceTest\SOAP12ServiceTest.vcxproj", "{38A83271-90D8-4EC4-A3EB-78292C19D604}"
EndProject
Project("{8BC9CEB8-8B4A-11D0-8D11-00A0C91BC942}") = "SOAP12ClientTest", "SOAP12ClientTest\SOAP12ClientTest.vcxproj", "{4792AB4D-F481-466A-B41C-0F3C7023E7F5}"
EndProject
Project("{FAE04EC0-301F-11D3-BF4B-00C04F79EFBC}") = "HellaAPCSOAPdTestClient", "HellaAPCSOAPdTestClient\HellaAPCSOAPdTestClient.csproj", "{6B2F1A69-78F7-4AFB-80BF-A2E540F5053A}"
EndProject
Project("{FAE04EC0-301F-11D3-BF4B-00C04F79EFBC}") = "FtpServer", "FtpServer\FtpServer.csproj", "{4EBDB580-4981-4A33-A282-A1C07619AAF6}"
EndProject
Project("{FAE04EC0-301F-11D3-BF4B-00C04F79EFBC}") = "FTPUpDownloader", "FTPUpDownloader\FTPUpDownloader.csproj", "{D02A811D-F3AB-48BB-92D9-4D3CB2A1B36D}"
EndProject
Project("{FAE04EC0-301F-11D3-BF4B-00C04F79EFBC}") = "HellaAPCSOAPdService", "HellaAPCSOAPdService\HellaAPCSOAPdService.csproj", "{592FB823-209E-4216-8198-AC358260E09D}"
EndProject
Project("{FAE04EC0-301F-11D3-BF4B-00C04F79EFBC}") = "SmartDeviceTest", "SmartDeviceTest\SmartDeviceTest.csproj", "{B2590F82-B01D-4BC8-909D-0D33345F6CE1}"
EndProject
Project("{FAE04EC0-301F-11D3-BF4B-00C04F79EFBC}") = "MESACloudAPILib", "MESACloudAPILib\MESACloudAPILib.csproj", "{43038F5C-2504-476B-9178-AB2CFAF05CF0}"
EndProject
Project("{FAE04EC0-301F-11D3-BF4B-00C04F79EFBC}") = "lgjTaskLib", "lgjTaskLib\lgjTaskLib.csproj", "{5F41FF77-E113-4F50-89DC-B03449C66D91}"
EndProject
Global
	GlobalSection(SolutionConfigurationPlatforms) = preSolution
		Debug|Any CPU = Debug|Any CPU
		Debug|x64 = Debug|x64
		Debug|x86 = Debug|x86
		Release|Any CPU = Release|Any CPU
		Release|x64 = Release|x64
		Release|x86 = Release|x86
	EndGlobalSection
	GlobalSection(ProjectConfigurationPlatforms) = postSolution
		{E3974CB3-503B-452C-81C8-1D8BD3390249}.Debug|Any CPU.ActiveCfg = Debug|Any CPU
		{E3974CB3-503B-452C-81C8-1D8BD3390249}.Debug|Any CPU.Build.0 = Debug|Any CPU
		{E3974CB3-503B-452C-81C8-1D8BD3390249}.Debug|x64.ActiveCfg = Debug|x64
		{E3974CB3-503B-452C-81C8-1D8BD3390249}.Debug|x64.Build.0 = Debug|x64
		{E3974CB3-503B-452C-81C8-1D8BD3390249}.Debug|x86.ActiveCfg = Debug|Any CPU
		{E3974CB3-503B-452C-81C8-1D8BD3390249}.Debug|x86.Build.0 = Debug|Any CPU
		{E3974CB3-503B-452C-81C8-1D8BD3390249}.Release|Any CPU.ActiveCfg = Release|Any CPU
		{E3974CB3-503B-452C-81C8-1D8BD3390249}.Release|Any CPU.Build.0 = Release|Any CPU
		{E3974CB3-503B-452C-81C8-1D8BD3390249}.Release|x64.ActiveCfg = Release|x64
		{E3974CB3-503B-452C-81C8-1D8BD3390249}.Release|x64.Build.0 = Release|x64
		{E3974CB3-503B-452C-81C8-1D8BD3390249}.Release|x86.ActiveCfg = Release|Any CPU
		{E3974CB3-503B-452C-81C8-1D8BD3390249}.Release|x86.Build.0 = Release|Any CPU
		{6F0BC8A2-7EA2-406A-A32D-6A1DEEB41D05}.Debug|Any CPU.ActiveCfg = Debug|Any CPU
		{6F0BC8A2-7EA2-406A-A32D-6A1DEEB41D05}.Debug|Any CPU.Build.0 = Debug|Any CPU
		{6F0BC8A2-7EA2-406A-A32D-6A1DEEB41D05}.Debug|x64.ActiveCfg = Debug|x64
		{6F0BC8A2-7EA2-406A-A32D-6A1DEEB41D05}.Debug|x64.Build.0 = Debug|x64
		{6F0BC8A2-7EA2-406A-A32D-6A1DEEB41D05}.Debug|x86.ActiveCfg = Debug|Any CPU
		{6F0BC8A2-7EA2-406A-A32D-6A1DEEB41D05}.Debug|x86.Build.0 = Debug|Any CPU
		{6F0BC8A2-7EA2-406A-A32D-6A1DEEB41D05}.Release|Any CPU.ActiveCfg = Release|Any CPU
		{6F0BC8A2-7EA2-406A-A32D-6A1DEEB41D05}.Release|Any CPU.Build.0 = Release|Any CPU
		{6F0BC8A2-7EA2-406A-A32D-6A1DEEB41D05}.Release|x64.ActiveCfg = Release|x64
		{6F0BC8A2-7EA2-406A-A32D-6A1DEEB41D05}.Release|x64.Build.0 = Release|x64
		{6F0BC8A2-7EA2-406A-A32D-6A1DEEB41D05}.Release|x86.ActiveCfg = Release|Any CPU
		{6F0BC8A2-7EA2-406A-A32D-6A1DEEB41D05}.Release|x86.Build.0 = Release|Any CPU
		{DEF2E3DA-9504-4D21-86B7-2EFCF7A25D57}.Debug|Any CPU.ActiveCfg = Debug|Any CPU
		{DEF2E3DA-9504-4D21-86B7-2EFCF7A25D57}.Debug|Any CPU.Build.0 = Debug|Any CPU
		{DEF2E3DA-9504-4D21-86B7-2EFCF7A25D57}.Debug|x64.ActiveCfg = Debug|x64
		{DEF2E3DA-9504-4D21-86B7-2EFCF7A25D57}.Debug|x64.Build.0 = Debug|x64
		{DEF2E3DA-9504-4D21-86B7-2EFCF7A25D57}.Debug|x86.ActiveCfg = Debug|Any CPU
		{DEF2E3DA-9504-4D21-86B7-2EFCF7A25D57}.Debug|x86.Build.0 = Debug|Any CPU
		{DEF2E3DA-9504-4D21-86B7-2EFCF7A25D57}.Release|Any CPU.ActiveCfg = Release|Any CPU
		{DEF2E3DA-9504-4D21-86B7-2EFCF7A25D57}.Release|Any CPU.Build.0 = Release|Any CPU
		{DEF2E3DA-9504-4D21-86B7-2EFCF7A25D57}.Release|x64.ActiveCfg = Release|x64
		{DEF2E3DA-9504-4D21-86B7-2EFCF7A25D57}.Release|x64.Build.0 = Release|x64
		{DEF2E3DA-9504-4D21-86B7-2EFCF7A25D57}.Release|x86.ActiveCfg = Release|Any CPU
		{DEF2E3DA-9504-4D21-86B7-2EFCF7A25D57}.Release|x86.Build.0 = Release|Any CPU
		{943AEAE3-934C-43A7-A066-371FACFFD28E}.Debug|Any CPU.ActiveCfg = Debug|Any CPU
		{943AEAE3-934C-43A7-A066-371FACFFD28E}.Debug|Any CPU.Build.0 = Debug|Any CPU
		{943AEAE3-934C-43A7-A066-371FACFFD28E}.Debug|x64.ActiveCfg = Debug|x64
		{943AEAE3-934C-43A7-A066-371FACFFD28E}.Debug|x64.Build.0 = Debug|x64
		{943AEAE3-934C-43A7-A066-371FACFFD28E}.Debug|x86.ActiveCfg = Debug|Any CPU
		{943AEAE3-934C-43A7-A066-371FACFFD28E}.Debug|x86.Build.0 = Debug|Any CPU
		{943AEAE3-934C-43A7-A066-371FACFFD28E}.Release|Any CPU.ActiveCfg = Release|Any CPU
		{943AEAE3-934C-43A7-A066-371FACFFD28E}.Release|Any CPU.Build.0 = Release|Any CPU
		{943AEAE3-934C-43A7-A066-371FACFFD28E}.Release|x64.ActiveCfg = Release|x64
		{943AEAE3-934C-43A7-A066-371FACFFD28E}.Release|x64.Build.0 = Release|x64
		{943AEAE3-934C-43A7-A066-371FACFFD28E}.Release|x86.ActiveCfg = Release|Any CPU
		{943AEAE3-934C-43A7-A066-371FACFFD28E}.Release|x86.Build.0 = Release|Any CPU
		{38A83271-90D8-4EC4-A3EB-78292C19D604}.Debug|Any CPU.ActiveCfg = Debug|Win32
		{38A83271-90D8-4EC4-A3EB-78292C19D604}.Debug|x64.ActiveCfg = Debug|x64
		{38A83271-90D8-4EC4-A3EB-78292C19D604}.Debug|x64.Build.0 = Debug|x64
		{38A83271-90D8-4EC4-A3EB-78292C19D604}.Debug|x86.ActiveCfg = Debug|Win32
		{38A83271-90D8-4EC4-A3EB-78292C19D604}.Debug|x86.Build.0 = Debug|Win32
		{38A83271-90D8-4EC4-A3EB-78292C19D604}.Release|Any CPU.ActiveCfg = Release|Win32
		{38A83271-90D8-4EC4-A3EB-78292C19D604}.Release|x64.ActiveCfg = Release|x64
		{38A83271-90D8-4EC4-A3EB-78292C19D604}.Release|x64.Build.0 = Release|x64
		{38A83271-90D8-4EC4-A3EB-78292C19D604}.Release|x86.ActiveCfg = Release|Win32
		{38A83271-90D8-4EC4-A3EB-78292C19D604}.Release|x86.Build.0 = Release|Win32
		{4792AB4D-F481-466A-B41C-0F3C7023E7F5}.Debug|Any CPU.ActiveCfg = Debug|Win32
		{4792AB4D-F481-466A-B41C-0F3C7023E7F5}.Debug|x64.ActiveCfg = Debug|x64
		{4792AB4D-F481-466A-B41C-0F3C7023E7F5}.Debug|x64.Build.0 = Debug|x64
		{4792AB4D-F481-466A-B41C-0F3C7023E7F5}.Debug|x86.ActiveCfg = Debug|Win32
		{4792AB4D-F481-466A-B41C-0F3C7023E7F5}.Debug|x86.Build.0 = Debug|Win32
		{4792AB4D-F481-466A-B41C-0F3C7023E7F5}.Release|Any CPU.ActiveCfg = Release|Win32
		{4792AB4D-F481-466A-B41C-0F3C7023E7F5}.Release|x64.ActiveCfg = Release|x64
		{4792AB4D-F481-466A-B41C-0F3C7023E7F5}.Release|x64.Build.0 = Release|x64
		{4792AB4D-F481-466A-B41C-0F3C7023E7F5}.Release|x86.ActiveCfg = Release|Win32
		{4792AB4D-F481-466A-B41C-0F3C7023E7F5}.Release|x86.Build.0 = Release|Win32
		{6B2F1A69-78F7-4AFB-80BF-A2E540F5053A}.Debug|Any CPU.ActiveCfg = Debug|Any CPU
		{6B2F1A69-78F7-4AFB-80BF-A2E540F5053A}.Debug|Any CPU.Build.0 = Debug|Any CPU
		{6B2F1A69-78F7-4AFB-80BF-A2E540F5053A}.Debug|x64.ActiveCfg = Debug|x64
		{6B2F1A69-78F7-4AFB-80BF-A2E540F5053A}.Debug|x64.Build.0 = Debug|x64
		{6B2F1A69-78F7-4AFB-80BF-A2E540F5053A}.Debug|x86.ActiveCfg = Debug|Any CPU
		{6B2F1A69-78F7-4AFB-80BF-A2E540F5053A}.Debug|x86.Build.0 = Debug|Any CPU
		{6B2F1A69-78F7-4AFB-80BF-A2E540F5053A}.Release|Any CPU.ActiveCfg = Release|Any CPU
		{6B2F1A69-78F7-4AFB-80BF-A2E540F5053A}.Release|Any CPU.Build.0 = Release|Any CPU
		{6B2F1A69-78F7-4AFB-80BF-A2E540F5053A}.Release|x64.ActiveCfg = Release|x64
		{6B2F1A69-78F7-4AFB-80BF-A2E540F5053A}.Release|x64.Build.0 = Release|x64
		{6B2F1A69-78F7-4AFB-80BF-A2E540F5053A}.Release|x86.ActiveCfg = Release|Any CPU
		{6B2F1A69-78F7-4AFB-80BF-A2E540F5053A}.Release|x86.Build.0 = Release|Any CPU
		{4EBDB580-4981-4A33-A282-A1C07619AAF6}.Debug|Any CPU.ActiveCfg = Debug|x86
		{4EBDB580-4981-4A33-A282-A1C07619AAF6}.Debug|x64.ActiveCfg = Debug|x64
		{4EBDB580-4981-4A33-A282-A1C07619AAF6}.Debug|x64.Build.0 = Debug|x64
		{4EBDB580-4981-4A33-A282-A1C07619AAF6}.Debug|x86.ActiveCfg = Debug|x86
		{4EBDB580-4981-4A33-A282-A1C07619AAF6}.Debug|x86.Build.0 = Debug|x86
		{4EBDB580-4981-4A33-A282-A1C07619AAF6}.Release|Any CPU.ActiveCfg = Release|x86
		{4EBDB580-4981-4A33-A282-A1C07619AAF6}.Release|x64.ActiveCfg = Release|x64
		{4EBDB580-4981-4A33-A282-A1C07619AAF6}.Release|x64.Build.0 = Release|x64
		{4EBDB580-4981-4A33-A282-A1C07619AAF6}.Release|x86.ActiveCfg = Release|x86
		{4EBDB580-4981-4A33-A282-A1C07619AAF6}.Release|x86.Build.0 = Release|x86
		{D02A811D-F3AB-48BB-92D9-4D3CB2A1B36D}.Debug|Any CPU.ActiveCfg = Debug|x86
		{D02A811D-F3AB-48BB-92D9-4D3CB2A1B36D}.Debug|x64.ActiveCfg = Debug|x86
		{D02A811D-F3AB-48BB-92D9-4D3CB2A1B36D}.Debug|x86.ActiveCfg = Debug|x86
		{D02A811D-F3AB-48BB-92D9-4D3CB2A1B36D}.Debug|x86.Build.0 = Debug|x86
		{D02A811D-F3AB-48BB-92D9-4D3CB2A1B36D}.Release|Any CPU.ActiveCfg = Release|x86
		{D02A811D-F3AB-48BB-92D9-4D3CB2A1B36D}.Release|x64.ActiveCfg = Release|x64
		{D02A811D-F3AB-48BB-92D9-4D3CB2A1B36D}.Release|x86.ActiveCfg = Release|x86
		{D02A811D-F3AB-48BB-92D9-4D3CB2A1B36D}.Release|x86.Build.0 = Release|x86
		{592FB823-209E-4216-8198-AC358260E09D}.Debug|Any CPU.ActiveCfg = Debug|Any CPU
		{592FB823-209E-4216-8198-AC358260E09D}.Debug|Any CPU.Build.0 = Debug|Any CPU
		{592FB823-209E-4216-8198-AC358260E09D}.Debug|x64.ActiveCfg = Debug|x64
		{592FB823-209E-4216-8198-AC358260E09D}.Debug|x64.Build.0 = Debug|x64
		{592FB823-209E-4216-8198-AC358260E09D}.Debug|x86.ActiveCfg = Debug|Any CPU
		{592FB823-209E-4216-8198-AC358260E09D}.Debug|x86.Build.0 = Debug|Any CPU
		{592FB823-209E-4216-8198-AC358260E09D}.Release|Any CPU.ActiveCfg = Release|Any CPU
		{592FB823-209E-4216-8198-AC358260E09D}.Release|Any CPU.Build.0 = Release|Any CPU
		{592FB823-209E-4216-8198-AC358260E09D}.Release|x64.ActiveCfg = Release|x64
		{592FB823-209E-4216-8198-AC358260E09D}.Release|x64.Build.0 = Release|x64
		{592FB823-209E-4216-8198-AC358260E09D}.Release|x86.ActiveCfg = Release|Any CPU
		{592FB823-209E-4216-8198-AC358260E09D}.Release|x86.Build.0 = Release|Any CPU
		{B2590F82-B01D-4BC8-909D-0D33345F6CE1}.Debug|Any CPU.ActiveCfg = Debug|Any CPU
		{B2590F82-B01D-4BC8-909D-0D33345F6CE1}.Debug|Any CPU.Build.0 = Debug|Any CPU
		{B2590F82-B01D-4BC8-909D-0D33345F6CE1}.Debug|x64.ActiveCfg = Debug|x64
		{B2590F82-B01D-4BC8-909D-0D33345F6CE1}.Debug|x64.Build.0 = Debug|x64
		{B2590F82-B01D-4BC8-909D-0D33345F6CE1}.Debug|x86.ActiveCfg = Debug|Any CPU
		{B2590F82-B01D-4BC8-909D-0D33345F6CE1}.Debug|x86.Build.0 = Debug|Any CPU
		{B2590F82-B01D-4BC8-909D-0D33345F6CE1}.Release|Any CPU.ActiveCfg = Release|Any CPU
		{B2590F82-B01D-4BC8-909D-0D33345F6CE1}.Release|Any CPU.Build.0 = Release|Any CPU
		{B2590F82-B01D-4BC8-909D-0D33345F6CE1}.Release|x64.ActiveCfg = Release|x64
		{B2590F82-B01D-4BC8-909D-0D33345F6CE1}.Release|x64.Build.0 = Release|x64
		{B2590F82-B01D-4BC8-909D-0D33345F6CE1}.Release|x86.ActiveCfg = Release|Any CPU
		{B2590F82-B01D-4BC8-909D-0D33345F6CE1}.Release|x86.Build.0 = Release|Any CPU
		{43038F5C-2504-476B-9178-AB2CFAF05CF0}.Debug|Any CPU.ActiveCfg = Debug|Any CPU
		{43038F5C-2504-476B-9178-AB2CFAF05CF0}.Debug|Any CPU.Build.0 = Debug|Any CPU
		{43038F5C-2504-476B-9178-AB2CFAF05CF0}.Debug|x64.ActiveCfg = Debug|x64
		{43038F5C-2504-476B-9178-AB2CFAF05CF0}.Debug|x64.Build.0 = Debug|x64
		{43038F5C-2504-476B-9178-AB2CFAF05CF0}.Debug|x86.ActiveCfg = Debug|Any CPU
		{43038F5C-2504-476B-9178-AB2CFAF05CF0}.Debug|x86.Build.0 = Debug|Any CPU
		{43038F5C-2504-476B-9178-AB2CFAF05CF0}.Release|Any CPU.ActiveCfg = Release|Any CPU
		{43038F5C-2504-476B-9178-AB2CFAF05CF0}.Release|Any CPU.Build.0 = Release|Any CPU
		{43038F5C-2504-476B-9178-AB2CFAF05CF0}.Release|x64.ActiveCfg = Release|x64
		{43038F5C-2504-476B-9178-AB2CFAF05CF0}.Release|x64.Build.0 = Release|x64
		{43038F5C-2504-476B-9178-AB2CFAF05CF0}.Release|x86.ActiveCfg = Release|Any CPU
		{43038F5C-2504-476B-9178-AB2CFAF05CF0}.Release|x86.Build.0 = Release|Any CPU
		{5F41FF77-E113-4F50-89DC-B03449C66D91}.Debug|Any CPU.ActiveCfg = Debug|Any CPU
		{5F41FF77-E113-4F50-89DC-B03449C66D91}.Debug|Any CPU.Build.0 = Debug|Any CPU
		{5F41FF77-E113-4F50-89DC-B03449C66D91}.Debug|x64.ActiveCfg = Debug|Any CPU
		{5F41FF77-E113-4F50-89DC-B03449C66D91}.Debug|x64.Build.0 = Debug|Any CPU
		{5F41FF77-E113-4F50-89DC-B03449C66D91}.Debug|x86.ActiveCfg = Debug|Any CPU
		{5F41FF77-E113-4F50-89DC-B03449C66D91}.Debug|x86.Build.0 = Debug|Any CPU
		{5F41FF77-E113-4F50-89DC-B03449C66D91}.Release|Any CPU.ActiveCfg = Release|Any CPU
		{5F41FF77-E113-4F50-89DC-B03449C66D91}.Release|Any CPU.Build.0 = Release|Any CPU
		{5F41FF77-E113-4F50-89DC-B03449C66D91}.Release|x64.ActiveCfg = Release|Any CPU
		{5F41FF77-E113-4F50-89DC-B03449C66D91}.Release|x64.Build.0 = Release|Any CPU
		{5F41FF77-E113-4F50-89DC-B03449C66D91}.Release|x86.ActiveCfg = Release|Any CPU
		{5F41FF77-E113-4F50-89DC-B03449C66D91}.Release|x86.Build.0 = Release|Any CPU
	EndGlobalSection
	GlobalSection(SolutionProperties) = preSolution
		HideSolutionNode = FALSE
	EndGlobalSection
	GlobalSection(ExtensibilityGlobals) = postSolution
		SolutionGuid = {8E567CF0-9E96-4A18-AE9F-F41CE439FC57}
	EndGlobalSection
EndGlobal
